// !$*UTF8*$!
{
	archiveVersion = 1;
	classes = {
	};
	objectVersion = 51;
	objects = {

/* Begin PBXBuildFile section */
		5C16CBC623D8676F00A33AFA /* GameTableViewCell.swift in Sources */ = {isa = PBXBuildFile; fileRef = 5C16CBC523D8676F00A33AFA /* GameTableViewCell.swift */; };
		5C16CBC823D867A200A33AFA /* GameModel.swift in Sources */ = {isa = PBXBuildFile; fileRef = 5C16CBC723D867A200A33AFA /* GameModel.swift */; };
		5C16CBD023D8720300A33AFA /* Service.swift in Sources */ = {isa = PBXBuildFile; fileRef = 5C16CBCF23D8720300A33AFA /* Service.swift */; };
		5C92B58523D854F000FB07A2 /* AppDelegate.swift in Sources */ = {isa = PBXBuildFile; fileRef = 5C92B58423D854F000FB07A2 /* AppDelegate.swift */; };
		5C92B58723D854F000FB07A2 /* SceneDelegate.swift in Sources */ = {isa = PBXBuildFile; fileRef = 5C92B58623D854F000FB07A2 /* SceneDelegate.swift */; };
		5C92B58923D854F000FB07A2 /* ViewController.swift in Sources */ = {isa = PBXBuildFile; fileRef = 5C92B58823D854F000FB07A2 /* ViewController.swift */; };
		5C92B58E23D854F200FB07A2 /* Assets.xcassets in Resources */ = {isa = PBXBuildFile; fileRef = 5C92B58D23D854F200FB07A2 /* Assets.xcassets */; };
		5C92B59123D854F200FB07A2 /* LaunchScreen.storyboard in Resources */ = {isa = PBXBuildFile; fileRef = 5C92B58F23D854F200FB07A2 /* LaunchScreen.storyboard */; };
		A257F5D86333C993E2A2A8C7 /* Pods_CaseStudy.framework in Frameworks */ = {isa = PBXBuildFile; fileRef = 441F741937C08732D2B6018E /* Pods_CaseStudy.framework */; };
/* End PBXBuildFile section */

/* Begin PBXFileReference section */
		441F741937C08732D2B6018E /* Pods_CaseStudy.framework */ = {isa = PBXFileReference; explicitFileType = wrapper.framework; includeInIndex = 0; path = Pods_CaseStudy.framework; sourceTree = BUILT_PRODUCTS_DIR; };
		5C16CBC523D8676F00A33AFA /* GameTableViewCell.swift */ = {isa = PBXFileReference; lastKnownFileType = sourcecode.swift; path = GameTableViewCell.swift; sourceTree = "<group>"; };
		5C16CBC723D867A200A33AFA /* GameModel.swift */ = {isa = PBXFileReference; lastKnownFileType = sourcecode.swift; path = GameModel.swift; sourceTree = "<group>"; };
		5C16CBCF23D8720300A33AFA /* Service.swift */ = {isa = PBXFileReference; lastKnownFileType = sourcecode.swift; path = Service.swift; sourceTree = "<group>"; };
		5C92B58123D854F000FB07A2 /* CaseStudy.app */ = {isa = PBXFileReference; explicitFileType = wrapper.application; includeInIndex = 0; path = CaseStudy.app; sourceTree = BUILT_PRODUCTS_DIR; };
		5C92B58423D854F000FB07A2 /* AppDelegate.swift */ = {isa = PBXFileReference; lastKnownFileType = sourcecode.swift; path = AppDelegate.swift; sourceTree = "<group>"; };
		5C92B58623D854F000FB07A2 /* SceneDelegate.swift */ = {isa = PBXFileReference; lastKnownFileType = sourcecode.swift; path = SceneDelegate.swift; sourceTree = "<group>"; };
		5C92B58823D854F000FB07A2 /* ViewController.swift */ = {isa = PBXFileReference; lastKnownFileType = sourcecode.swift; path = ViewController.swift; sourceTree = "<group>"; };
		5C92B58D23D854F200FB07A2 /* Assets.xcassets */ = {isa = PBXFileReference; lastKnownFileType = folder.assetcatalog; path = Assets.xcassets; sourceTree = "<group>"; };
		5C92B59023D854F200FB07A2 /* Base */ = {isa = PBXFileReference; lastKnownFileType = file.storyboard; name = Base; path = Base.lproj/LaunchScreen.storyboard; sourceTree = "<group>"; };
		5C92B59223D854F200FB07A2 /* Info.plist */ = {isa = PBXFileReference; lastKnownFileType = text.plist.xml; path = Info.plist; sourceTree = "<group>"; };
		6952957DA9C7B60761CF75C2 /* Pods-CaseStudy.debug.xcconfig */ = {isa = PBXFileReference; includeInIndex = 1; lastKnownFileType = text.xcconfig; name = "Pods-CaseStudy.debug.xcconfig"; path = "Target Support Files/Pods-CaseStudy/Pods-CaseStudy.debug.xcconfig"; sourceTree = "<group>"; };
		811332DDFA18112AB173DC28 /* Pods-CaseStudy.release.xcconfig */ = {isa = PBXFileReference; includeInIndex = 1; lastKnownFileType = text.xcconfig; name = "Pods-CaseStudy.release.xcconfig"; path = "Target Support Files/Pods-CaseStudy/Pods-CaseStudy.release.xcconfig"; sourceTree = "<group>"; };
/* End PBXFileReference section */

/* Begin PBXFrameworksBuildPhase section */
		5C92B57E23D854F000FB07A2 /* Frameworks */ = {
			isa = PBXFrameworksBuildPhase;
			buildActionMask = 2147483647;
			files = (
				A257F5D86333C993E2A2A8C7 /* Pods_CaseStudy.framework in Frameworks */,
			);
			runOnlyForDeploymentPostprocessing = 0;
		};
/* End PBXFrameworksBuildPhase section */

/* Begin PBXGroup section */
		5C16CBCB23D8707400A33AFA /* Model */ = {
			isa = PBXGroup;
			children = (
				5C16CBC723D867A200A33AFA /* GameModel.swift */,
			);
			path = Model;
			sourceTree = "<group>";
		};
		5C16CBCC23D8707A00A33AFA /* Controller */ = {
			isa = PBXGroup;
			children = (
				5C92B58823D854F000FB07A2 /* ViewController.swift */,
			);
			path = Controller;
			sourceTree = "<group>";
		};
		5C16CBCD23D8708200A33AFA /* View */ = {
			isa = PBXGroup;
			children = (
				5C16CBC523D8676F00A33AFA /* GameTableViewCell.swift */,
			);
			path = View;
			sourceTree = "<group>";
		};
		5C16CBCE23D871F500A33AFA /* Service */ = {
			isa = PBXGroup;
			children = (
				5C16CBCF23D8720300A33AFA /* Service.swift */,
			);
			path = Service;
			sourceTree = "<group>";
		};
		5C92B57823D854F000FB07A2 = {
			isa = PBXGroup;
			children = (
				5C92B58323D854F000FB07A2 /* CaseStudy */,
				5C92B58223D854F000FB07A2 /* Products */,
				D6E468F4E21896BD78A48515 /* Pods */,
				7983AE291BBD807700B74C1C /* Frameworks */,
			);
			sourceTree = "<group>";
		};
		5C92B58223D854F000FB07A2 /* Products */ = {
			isa = PBXGroup;
			children = (
				5C92B58123D854F000FB07A2 /* CaseStudy.app */,
			);
			name = Products;
			sourceTree = "<group>";
		};
		5C92B58323D854F000FB07A2 /* CaseStudy */ = {
			isa = PBXGroup;
			children = (
				5C16CBCE23D871F500A33AFA /* Service */,
				5C16CBCD23D8708200A33AFA /* View */,
				5C16CBCC23D8707A00A33AFA /* Controller */,
				5C16CBCB23D8707400A33AFA /* Model */,
				5C92B58423D854F000FB07A2 /* AppDelegate.swift */,
				5C92B58623D854F000FB07A2 /* SceneDelegate.swift */,
				5C92B58D23D854F200FB07A2 /* Assets.xcassets */,
				5C92B58F23D854F200FB07A2 /* LaunchScreen.storyboard */,
				5C92B59223D854F200FB07A2 /* Info.plist */,
			);
			path = CaseStudy;
			sourceTree = "<group>";
		};
		7983AE291BBD807700B74C1C /* Frameworks */ = {
			isa = PBXGroup;
			children = (
				441F741937C08732D2B6018E /* Pods_CaseStudy.framework */,
			);
			name = Frameworks;
			sourceTree = "<group>";
		};
		D6E468F4E21896BD78A48515 /* Pods */ = {
			isa = PBXGroup;
			children = (
				6952957DA9C7B60761CF75C2 /* Pods-CaseStudy.debug.xcconfig */,
				811332DDFA18112AB173DC28 /* Pods-CaseStudy.release.xcconfig */,
			);
			path = Pods;
			sourceTree = "<group>";
		};
/* End PBXGroup section */

/* Begin PBXNativeTarget section */
		5C92B58023D854F000FB07A2 /* CaseStudy */ = {
			isa = PBXNativeTarget;
			buildConfigurationList = 5C92B59523D854F200FB07A2 /* Build configuration list for PBXNativeTarget "CaseStudy" */;
			buildPhases = (
				2F3373106906F4762AE3CEE0 /* [CP] Check Pods Manifest.lock */,
				5C92B57D23D854F000FB07A2 /* Sources */,
				5C92B57E23D854F000FB07A2 /* Frameworks */,
				5C92B57F23D854F000FB07A2 /* Resources */,
				067AC3A397D3BA6E6C20BC3D /* [CP] Embed Pods Frameworks */,
			);
			buildRules = (
			);
			dependencies = (
			);
			name = CaseStudy;
			productName = CaseStudy;
			productReference = 5C92B58123D854F000FB07A2 /* CaseStudy.app */;
			productType = "com.apple.product-type.application";
		};
/* End PBXNativeTarget section */

/* Begin PBXProject section */
		5C92B57923D854F000FB07A2 /* Project object */ = {
			isa = PBXProject;
			attributes = {
				LastSwiftUpdateCheck = 1120;
				LastUpgradeCheck = 1120;
				ORGANIZATIONNAME = "Sevban Kocabas";
				TargetAttributes = {
					5C92B58023D854F000FB07A2 = {
						CreatedOnToolsVersion = 11.2.1;
					};
				};
			};
			buildConfigurationList = 5C92B57C23D854F000FB07A2 /* Build configuration list for PBXProject "CaseStudy" */;
			compatibilityVersion = "Xcode 9.3";
			developmentRegion = en;
			hasScannedForEncodings = 0;
			knownRegions = (
				en,
				Base,
			);
			mainGroup = 5C92B57823D854F000FB07A2;
			productRefGroup = 5C92B58223D854F000FB07A2 /* Products */;
			projectDirPath = "";
			projectRoot = "";
			targets = (
				5C92B58023D854F000FB07A2 /* CaseStudy */,
			);
		};
/* End PBXProject section */

/* Begin PBXResourcesBuildPhase section */
		5C92B57F23D854F000FB07A2 /* Resources */ = {
			isa = PBXResourcesBuildPhase;
			buildActionMask = 2147483647;
			files = (
				5C92B59123D854F200FB07A2 /* LaunchScreen.storyboard in Resources */,
				5C92B58E23D854F200FB07A2 /* Assets.xcassets in Resources */,
			);
			runOnlyForDeploymentPostprocessing = 0;
		};
/* End PBXResourcesBuildPhase section */

/* Begin PBXShellScriptBuildPhase section */
		067AC3A397D3BA6E6C20BC3D /* [CP] Embed Pods Frameworks */ = {
			isa = PBXShellScriptBuildPhase;
			buildActionMask = 2147483647;
			files = (
			);
			inputFileListPaths = (
				"${PODS_ROOT}/Target Support Files/Pods-CaseStudy/Pods-CaseStudy-frameworks-${CONFIGURATION}-input-files.xcfilelist",
			);
			name = "[CP] Embed Pods Frameworks";
			outputFileListPaths = (
				"${PODS_ROOT}/Target Support Files/Pods-CaseStudy/Pods-CaseStudy-frameworks-${CONFIGURATION}-output-files.xcfilelist",
			);
			runOnlyForDeploymentPostprocessing = 0;
			shellPath = /bin/sh;
			shellScript = "\"${PODS_ROOT}/Target Support Files/Pods-CaseStudy/Pods-CaseStudy-frameworks.sh\"\n";
			showEnvVarsInLog = 0;
		};
		2F3373106906F4762AE3CEE0 /* [CP] Check Pods Manifest.lock */ = {
			isa = PBXShellScriptBuildPhase;
			buildActionMask = 2147483647;
			files = (
			);
			inputFileListPaths = (
			);
			inputPaths = (
				"${PODS_PODFILE_DIR_PATH}/Podfile.lock",
				"${PODS_ROOT}/Manifest.lock",
			);
			name = "[CP] Check Pods Manifest.lock";
			outputFileListPaths = (
			);
			outputPaths = (
				"$(DERIVED_FILE_DIR)/Pods-CaseStudy-checkManifestLockResult.txt",
			);
			runOnlyForDeploymentPostprocessing = 0;
			shellPath = /bin/sh;
			shellScript = "diff \"${PODS_PODFILE_DIR_PATH}/Podfile.lock\" \"${PODS_ROOT}/Manifest.lock\" > /dev/null\nif [ $? != 0 ] ; then\n    # print error to STDERR\n    echo \"error: The sandbox is not in sync with the Podfile.lock. Run 'pod install' or update your CocoaPods installation.\" >&2\n    exit 1\nfi\n# This output is used by Xcode 'outputs' to avoid re-running this script phase.\necho \"SUCCESS\" > \"${SCRIPT_OUTPUT_FILE_0}\"\n";
			showEnvVarsInLog = 0;
		};
/* End PBXShellScriptBuildPhase section */

/* Begin PBXSourcesBuildPhase section */
		5C92B57D23D854F000FB07A2 /* Sources */ = {
			isa = PBXSourcesBuildPhase;
			buildActionMask = 2147483647;
			files = (
				5C16CBC823D867A200A33AFA /* GameModel.swift in Sources */,
				5C92B58923D854F000FB07A2 /* ViewController.swift in Sources */,
				5C92B58523D854F000FB07A2 /* AppDelegate.swift in Sources */,
				5C92B58723D854F000FB07A2 /* SceneDelegate.swift in Sources */,
				5C16CBC623D8676F00A33AFA /* GameTableViewCell.swift in Sources */,
				5C16CBD023D8720300A33AFA /* Service.swift in Sources */,
			);
			runOnlyForDeploymentPostprocessing = 0;
		};
/* End PBXSourcesBuildPhase section */

/* Begin PBXVariantGroup section */
		5C92B58F23D854F200FB07A2 /* LaunchScreen.storyboard */ = {
			isa = PBXVariantGroup;
			children = (
				5C92B59023D854F200FB07A2 /* Base */,
			);
			name = LaunchScreen.storyboard;
			sourceTree = "<group>";
		};
/* End PBXVariantGroup section */

/* Begin XCBuildConfiguration section */
		5C92B59323D854F200FB07A2 /* Debug */ = {
			isa = XCBuildConfiguration;
			buildSettings = {
				ALWAYS_SEARCH_USER_PATHS = NO;
				CLANG_ANALYZER_NONNULL = YES;
				CLANG_ANALYZER_NUMBER_OBJECT_CONVERSION = YES_AGGRESSIVE;
				CLANG_CXX_LANGUAGE_STANDARD = "gnu++14";
				CLANG_CXX_LIBRARY = "libc++";
				CLANG_ENABLE_MODULES = YES;
				CLANG_ENABLE_OBJC_ARC = YES;
				CLANG_ENABLE_OBJC_WEAK = YES;
				CLANG_WARN_BLOCK_CAPTURE_AUTORELEASING = YES;
				CLANG_WARN_BOOL_CONVERSION = YES;
				CLANG_WARN_COMMA = YES;
				CLANG_WARN_CONSTANT_CONVERSION = YES;
				CLANG_WARN_DEPRECATED_OBJC_IMPLEMENTATIONS = YES;
				CLANG_WARN_DIRECT_OBJC_ISA_USAGE = YES_ERROR;
				CLANG_WARN_DOCUMENTATION_COMMENTS = YES;
				CLANG_WARN_EMPTY_BODY = YES;
				CLANG_WARN_ENUM_CONVERSION = YES;
				CLANG_WARN_INFINITE_RECURSION = YES;
				CLANG_WARN_INT_CONVERSION = YES;
				CLANG_WARN_NON_LITERAL_NULL_CONVERSION = YES;
				CLANG_WARN_OBJC_IMPLICIT_RETAIN_SELF = YES;
				CLANG_WARN_OBJC_LITERAL_CONVERSION = YES;
				CLANG_WARN_OBJC_ROOT_CLASS = YES_ERROR;
				CLANG_WARN_RANGE_LOOP_ANALYSIS = YES;
				CLANG_WARN_STRICT_PROTOTYPES = YES;
				CLANG_WARN_SUSPICIOUS_MOVE = YES;
				CLANG_WARN_UNGUARDED_AVAILABILITY = YES_AGGRESSIVE;
				CLANG_WARN_UNREACHABLE_CODE = YES;
				CLANG_WARN__DUPLICATE_METHOD_MATCH = YES;
				COPY_PHASE_STRIP = NO;
				DEBUG_INFORMATION_FORMAT = dwarf;
				ENABLE_STRICT_OBJC_MSGSEND = YES;
				ENABLE_TESTABILITY = YES;
				GCC_C_LANGUAGE_STANDARD = gnu11;
				GCC_DYNAMIC_NO_PIC = NO;
				GCC_NO_COMMON_BLOCKS = YES;
				GCC_OPTIMIZATION_LEVEL = 0;
				GCC_PREPROCESSOR_DEFINITIONS = (
					"DEBUG=1",
					"$(inherited)",
				);
				GCC_WARN_64_TO_32_BIT_CONVERSION = YES;
				GCC_WARN_ABOUT_RETURN_TYPE = YES_ERROR;
				GCC_WARN_UNDECLARED_SELECTOR = YES;
				GCC_WARN_UNINITIALIZED_AUTOS = YES_AGGRESSIVE;
				GCC_WARN_UNUSED_FUNCTION = YES;
				GCC_WARN_UNUSED_VARIABLE = YES;
				IPHONEOS_DEPLOYMENT_TARGET = 13.2;
				MTL_ENABLE_DEBUG_INFO = INCLUDE_SOURCE;
				MTL_FAST_MATH = YES;
				ONLY_ACTIVE_ARCH = YES;
				SDKROOT = iphoneos;
				SWIFT_ACTIVE_COMPILATION_CONDITIONS = DEBUG;
				SWIFT_OPTIMIZATION_LEVEL = "-Onone";
			};
			name = Debug;
		};
		5C92B59423D854F200FB07A2 /* Release */ = {
			isa = XCBuildConfiguration;
			buildSettings = {
				ALWAYS_SEARCH_USER_PATHS = NO;
				CLANG_ANALYZER_NONNULL = YES;
				CLANG_ANALYZER_NUMBER_OBJECT_CONVERSION = YES_AGGRESSIVE;
				CLANG_CXX_LANGUAGE_STANDARD = "gnu++14";
				CLANG_CXX_LIBRARY = "libc++";
				CLANG_ENABLE_MODULES = YES;
				CLANG_ENABLE_OBJC_ARC = YES;
				CLANG_ENABLE_OBJC_WEAK = YES;
				CLANG_WARN_BLOCK_CAPTURE_AUTORELEASING = YES;
				CLANG_WARN_BOOL_CONVERSION = YES;
				CLANG_WARN_COMMA = YES;
				CLANG_WARN_CONSTANT_CONVERSION = YES;
				CLANG_WARN_DEPRECATED_OBJC_IMPLEMENTATIONS = YES;
				CLANG_WARN_DIRECT_OBJC_ISA_USAGE = YES_ERROR;
				CLANG_WARN_DOCUMENTATION_COMMENTS = YES;
				CLANG_WARN_EMPTY_BODY = YES;
				CLANG_WARN_ENUM_CONVERSION = YES;
				CLANG_WARN_INFINITE_RECURSION = YES;
				CLANG_WARN_INT_CONVERSION = YES;
				CLANG_WARN_NON_LITERAL_NULL_CONVERSION = YES;
				CLANG_WARN_OBJC_IMPLICIT_RETAIN_SELF = YES;
				CLANG_WARN_OBJC_LITERAL_CONVERSION = YES;
				CLANG_WARN_OBJC_ROOT_CLASS = YES_ERROR;
				CLANG_WARN_RANGE_LOOP_ANALYSIS = YES;
				CLANG_WARN_STRICT_PROTOTYPES = YES;
				CLANG_WARN_SUSPICIOUS_MOVE = YES;
				CLANG_WARN_UNGUARDED_AVAILABILITY = YES_AGGRESSIVE;
				CLANG_WARN_UNREACHABLE_CODE = YES;
				CLANG_WARN__DUPLICATE_METHOD_MATCH = YES;
				COPY_PHASE_STRIP = NO;
				DEBUG_INFORMATION_FORMAT = "dwarf-with-dsym";
				ENABLE_NS_ASSERTIONS = NO;
				ENABLE_STRICT_OBJC_MSGSEND = YES;
				GCC_C_LANGUAGE_STANDARD = gnu11;
				GCC_NO_COMMON_BLOCKS = YES;
				GCC_WARN_64_TO_32_BIT_CONVERSION = YES;
				GCC_WARN_ABOUT_RETURN_TYPE = YES_ERROR;
				GCC_WARN_UNDECLARED_SELECTOR = YES;
				GCC_WARN_UNINITIALIZED_AUTOS = YES_AGGRESSIVE;
				GCC_WARN_UNUSED_FUNCTION = YES;
				GCC_WARN_UNUSED_VARIABLE = YES;
				IPHONEOS_DEPLOYMENT_TARGET = 13.2;
				MTL_ENABLE_DEBUG_INFO = NO;
				MTL_FAST_MATH = YES;
				SDKROOT = iphoneos;
				SWIFT_COMPILATION_MODE = wholemodule;
				SWIFT_OPTIMIZATION_LEVEL = "-O";
				VALIDATE_PRODUCT = YES;
			};
			name = Release;
		};
		5C92B59623D854F200FB07A2 /* Debug */ = {
			isa = XCBuildConfiguration;
			baseConfigurationReference = 6952957DA9C7B60761CF75C2 /* Pods-CaseStudy.debug.xcconfig */;
			buildSettings = {
				ASSETCATALOG_COMPILER_APPICON_NAME = AppIcon;
				CODE_SIGN_STYLE = Automatic;
				DEVELOPMENT_TEAM = 82QJ699VC6;
				INFOPLIST_FILE = CaseStudy/Info.plist;
				LD_RUNPATH_SEARCH_PATHS = (
					"$(inherited)",
					"@executable_path/Frameworks",
				);
				PRODUCT_BUNDLE_IDENTIFIER = com.sevban.CaseStudy;
				PRODUCT_NAME = "$(TARGET_NAME)";
				SWIFT_VERSION = 5.0;
				TARGETED_DEVICE_FAMILY = "1,2";
			};
			name = Debug;
		};
		5C92B59723D854F200FB07A2 /* Release */ = {
			isa = XCBuildConfiguration;
			baseConfigurationReference = 811332DDFA18112AB173DC28 /* Pods-CaseStudy.release.xcconfig */;
			buildSettings = {
				ASSETCATALOG_COMPILER_APPICON_NAME = AppIcon;
				CODE_SIGN_STYLE = Automatic;
				DEVELOPMENT_TEAM = 82QJ699VC6;
				INFOPLIST_FILE = CaseStudy/Info.plist;
				LD_RUNPATH_SEARCH_PATHS = (
					"$(inherited)",
					"@executable_path/Frameworks",
				);
				PRODUCT_BUNDLE_IDENTIFIER = com.sevban.CaseStudy;
				PRODUCT_NAME = "$(TARGET_NAME)";
				SWIFT_VERSION = 5.0;
				TARGETED_DEVICE_FAMILY = "1,2";
			};
			name = Release;
		};
/* End XCBuildConfiguration section */

/* Begin XCConfigurationList section */
		5C92B57C23D854F000FB07A2 /* Build configuration list for PBXProject "CaseStudy" */ = {
			isa = XCConfigurationList;
			buildConfigurations = (
				5C92B59323D854F200FB07A2 /* Debug */,
				5C92B59423D854F200FB07A2 /* Release */,
			);
			defaultConfigurationIsVisible = 0;
			defaultConfigurationName = Release;
		};
		5C92B59523D854F200FB07A2 /* Build configuration list for PBXNativeTarget "CaseStudy" */ = {
			isa = XCConfigurationList;
			buildConfigurations = (
				5C92B59623D854F200FB07A2 /* Debug */,
				5C92B59723D854F200FB07A2 /* Release */,
			);
			defaultConfigurationIsVisible = 0;
			defaultConfigurationName = Release;
		};
/* End XCConfigurationList section */
	};
	rootObject = 5C92B57923D854F000FB07A2 /* Project object */;
}
